
Microsoft Visual Studio Solution File, Format Version 12.00
Project("{F2A71F9B-5D33-465A-A702-920D77279786}") = "Random", "Random\Random.fsproj", "{5A7ACDB9-410C-4043-888F-23243B297526}"
EndProject
Project("{F2A71F9B-5D33-465A-A702-920D77279786}") = "Random.Test", "Random.Test\Random.Test.fsproj", "{BF037953-031E-47C2-9DEE-2BF867FF0B9C}"
EndProject
Project("{2150E333-8FDC-42A3-9474-1A3956D46DE8}") = "Solution Items", "Solution Items", "{A1A3FCA4-55FA-43CE-9AD9-319290A2364D}"
	ProjectSection(SolutionItems) = preProject
		Readme.md = Readme.md
		package.json = package.json
		.gitignore = .gitignore
	EndProjectSection
EndProject
Project("{2150E333-8FDC-42A3-9474-1A3956D46DE8}") = "Github Actions", "Github Actions", "{488A8B73-2F84-48DF-9C64-03A0E414E5CD}"
	ProjectSection(SolutionItems) = preProject
		.github\workflows\on-push.yml = .github\workflows\on-push.yml
	EndProjectSection
EndProject
Global
	GlobalSection(SolutionConfigurationPlatforms) = preSolution
		Debug|Any CPU = Debug|Any CPU
		Release|Any CPU = Release|Any CPU
	EndGlobalSection
	GlobalSection(ProjectConfigurationPlatforms) = postSolution
		{5A7ACDB9-410C-4043-888F-23243B297526}.Debug|Any CPU.ActiveCfg = Debug|Any CPU
		{5A7ACDB9-410C-4043-888F-23243B297526}.Debug|Any CPU.Build.0 = Debug|Any CPU
		{5A7ACDB9-410C-4043-888F-23243B297526}.Release|Any CPU.ActiveCfg = Release|Any CPU
		{5A7ACDB9-410C-4043-888F-23243B297526}.Release|Any CPU.Build.0 = Release|Any CPU
		{BF037953-031E-47C2-9DEE-2BF867FF0B9C}.Debug|Any CPU.ActiveCfg = Debug|Any CPU
		{BF037953-031E-47C2-9DEE-2BF867FF0B9C}.Debug|Any CPU.Build.0 = Debug|Any CPU
		{BF037953-031E-47C2-9DEE-2BF867FF0B9C}.Release|Any CPU.ActiveCfg = Release|Any CPU
		{BF037953-031E-47C2-9DEE-2BF867FF0B9C}.Release|Any CPU.Build.0 = Release|Any CPU
	EndGlobalSection
	GlobalSection(NestedProjects) = preSolution
		{488A8B73-2F84-48DF-9C64-03A0E414E5CD} = {A1A3FCA4-55FA-43CE-9AD9-319290A2364D}
	EndGlobalSection
EndGlobal
